
Microsoft Visual Studio Solution File, Format Version 12.00
# Visual Studio Version 17
VisualStudioVersion = 17.5.002.0
MinimumVisualStudioVersion = 10.0.40219.1
Project("{9A19103F-16F7-4668-BE54-9A1E7A4F7556}") = "AlcoolOuGasolina", "AlcoolOuGasolina.csproj", "{C39C36DC-5602-420F-981D-27CFCE1BADF0}"
EndProject
Global
	GlobalSection(SolutionConfigurationPlatforms) = preSolution
		Debug|Any CPU = Debug|Any CPU
		Release|Any CPU = Release|Any CPU
	EndGlobalSection
	GlobalSection(ProjectConfigurationPlatforms) = postSolution
		{C39C36DC-5602-420F-981D-27CFCE1BADF0}.Debug|Any CPU.ActiveCfg = Debug|Any CPU
		{C39C36DC-5602-420F-981D-27CFCE1BADF0}.Debug|Any CPU.Build.0 = Debug|Any CPU
		{C39C36DC-5602-420F-981D-27CFCE1BADF0}.Release|Any CPU.ActiveCfg = Release|Any CPU
		{C39C36DC-5602-420F-981D-27CFCE1BADF0}.Release|Any CPU.Build.0 = Release|Any CPU
	EndGlobalSection
	GlobalSection(SolutionProperties) = preSolution
		HideSolutionNode = FALSE
	EndGlobalSection
	GlobalSection(ExtensibilityGlobals) = postSolution
		SolutionGuid = {C39D8A48-EFCD-46AC-BD77-EE10CE7B1819}
	EndGlobalSection
EndGlobal
